# This file is automatically @generated by Poetry 1.7.0 and should not be changed by hand.

[[package]]
name = "astroid"
version = "3.0.2"
description = "An abstract syntax tree for Python with inference support."
optional = false
python-versions = ">=3.8.0"
files = [
    {file = "astroid-3.0.2-py3-none-any.whl", hash = "sha256:d6e62862355f60e716164082d6b4b041d38e2a8cf1c7cd953ded5108bac8ff5c"},
    {file = "astroid-3.0.2.tar.gz", hash = "sha256:4a61cf0a59097c7bb52689b0fd63717cd2a8a14dc9f1eee97b82d814881c8c91"},
]

[[package]]
name = "colorama"
version = "0.4.6"
description = "Cross-platform colored terminal text."
optional = false
python-versions = "!=3.0.*,!=3.1.*,!=3.2.*,!=3.3.*,!=3.4.*,!=3.5.*,!=3.6.*,>=2.7"
files = [
    {file = "colorama-0.4.6-py2.py3-none-any.whl", hash = "sha256:4f1d9991f5acc0ca119f9d443620b77f9d6b33703e51011c16baf57afb285fc6"},
    {file = "colorama-0.4.6.tar.gz", hash = "sha256:08695f5cb7ed6e0531a20572697297273c47b8cae5a63ffc6d6ed5c201be6e44"},
]

[[package]]
name = "dill"
version = "0.3.7"
description = "serialize all of Python"
optional = false
python-versions = ">=3.7"
files = [
    {file = "dill-0.3.7-py3-none-any.whl", hash = "sha256:76b122c08ef4ce2eedcd4d1abd8e641114bfc6c2867f49f3c41facf65bf19f5e"},
    {file = "dill-0.3.7.tar.gz", hash = "sha256:cc1c8b182eb3013e24bd475ff2e9295af86c1a38eb1aff128dac8962a9ce3c03"},
]

[package.extras]
graph = ["objgraph (>=1.7.2)"]

[[package]]
name = "importlib-metadata"
version = "7.0.1"
description = "Read metadata from Python packages"
optional = false
python-versions = ">=3.8"
files = [
    {file = "importlib_metadata-7.0.1-py3-none-any.whl", hash = "sha256:4805911c3a4ec7c3966410053e9ec6a1fecd629117df5adee56dfc9432a1081e"},
    {file = "importlib_metadata-7.0.1.tar.gz", hash = "sha256:f238736bb06590ae52ac1fab06a3a9ef1d8dce2b7a35b5ab329371d6c8f5d2cc"},
]

[package.dependencies]
zipp = ">=0.5"

[package.extras]
docs = ["furo", "jaraco.packaging (>=9.3)", "jaraco.tidelift (>=1.4)", "rst.linker (>=1.9)", "sphinx (<7.2.5)", "sphinx (>=3.5)", "sphinx-lint"]
perf = ["ipython"]
testing = ["flufl.flake8", "importlib-resources (>=1.3)", "packaging", "pyfakefs", "pytest (>=6)", "pytest-black (>=0.3.7)", "pytest-checkdocs (>=2.4)", "pytest-cov", "pytest-enabler (>=2.2)", "pytest-mypy (>=0.9.1)", "pytest-perf (>=0.9.2)", "pytest-ruff"]

[[package]]
name = "isort"
version = "5.13.2"
description = "A Python utility / library to sort Python imports."
optional = false
python-versions = ">=3.8.0"
files = [
    {file = "isort-5.13.2-py3-none-any.whl", hash = "sha256:8ca5e72a8d85860d5a3fa69b8745237f2939afe12dbf656afbcb47fe72d947a6"},
    {file = "isort-5.13.2.tar.gz", hash = "sha256:48fdfcb9face5d58a4f6dde2e72a1fb8dcaf8ab26f95ab49fab84c2ddefb0109"},
]

[package.extras]
colors = ["colorama (>=0.4.6)"]

[[package]]
name = "mccabe"
version = "0.7.0"
description = "McCabe checker, plugin for flake8"
optional = false
python-versions = ">=3.6"
files = [
    {file = "mccabe-0.7.0-py2.py3-none-any.whl", hash = "sha256:6c2d30ab6be0e4a46919781807b4f0d834ebdd6c6e3dca0bda5a15f863427b6e"},
    {file = "mccabe-0.7.0.tar.gz", hash = "sha256:348e0240c33b60bbdf4e523192ef919f28cb2c3d7d5c7794f74009290f236325"},
]

[[package]]
name = "platformdirs"
version = "4.1.0"
description = "A small Python package for determining appropriate platform-specific dirs, e.g. a \"user data dir\"."
optional = false
python-versions = ">=3.8"
files = [
    {file = "platformdirs-4.1.0-py3-none-any.whl", hash = "sha256:11c8f37bcca40db96d8144522d925583bdb7a31f7b0e37e3ed4318400a8e2380"},
    {file = "platformdirs-4.1.0.tar.gz", hash = "sha256:906d548203468492d432bcb294d4bc2fff751bf84971fbb2c10918cc206ee420"},
]

[package.extras]
docs = ["furo (>=2023.7.26)", "proselint (>=0.13)", "sphinx (>=7.1.1)", "sphinx-autodoc-typehints (>=1.24)"]
test = ["appdirs (==1.4.4)", "covdefaults (>=2.3)", "pytest (>=7.4)", "pytest-cov (>=4.1)", "pytest-mock (>=3.11.1)"]

[[package]]
name = "pycryptodome"
version = "3.19.0"
description = "Cryptographic library for Python"
optional = false
python-versions = ">=2.7, !=3.0.*, !=3.1.*, !=3.2.*, !=3.3.*, !=3.4.*"
files = [
    {file = "pycryptodome-3.19.0-cp27-cp27m-macosx_10_9_x86_64.whl", hash = "sha256:3006c44c4946583b6de24fe0632091c2653d6256b99a02a3db71ca06472ea1e4"},
    {file = "pycryptodome-3.19.0-cp27-cp27m-manylinux2010_i686.whl", hash = "sha256:7c760c8a0479a4042111a8dd2f067d3ae4573da286c53f13cf6f5c53a5c1f631"},
    {file = "pycryptodome-3.19.0-cp27-cp27m-manylinux2010_x86_64.whl", hash = "sha256:08ce3558af5106c632baf6d331d261f02367a6bc3733086ae43c0f988fe042db"},
    {file = "pycryptodome-3.19.0-cp27-cp27m-manylinux_2_17_aarch64.manylinux2014_aarch64.whl", hash = "sha256:45430dfaf1f421cf462c0dd824984378bef32b22669f2635cb809357dbaab405"},
    {file = "pycryptodome-3.19.0-cp27-cp27m-musllinux_1_1_aarch64.whl", hash = "sha256:a9bcd5f3794879e91970f2bbd7d899780541d3ff439d8f2112441769c9f2ccea"},
    {file = "pycryptodome-3.19.0-cp27-cp27m-win32.whl", hash = "sha256:190c53f51e988dceb60472baddce3f289fa52b0ec38fbe5fd20dd1d0f795c551"},
    {file = "pycryptodome-3.19.0-cp27-cp27m-win_amd64.whl", hash = "sha256:22e0ae7c3a7f87dcdcf302db06ab76f20e83f09a6993c160b248d58274473bfa"},
    {file = "pycryptodome-3.19.0-cp27-cp27mu-manylinux2010_i686.whl", hash = "sha256:7822f36d683f9ad7bc2145b2c2045014afdbbd1d9922a6d4ce1cbd6add79a01e"},
    {file = "pycryptodome-3.19.0-cp27-cp27mu-manylinux2010_x86_64.whl", hash = "sha256:05e33267394aad6db6595c0ce9d427fe21552f5425e116a925455e099fdf759a"},
    {file = "pycryptodome-3.19.0-cp27-cp27mu-manylinux_2_17_aarch64.manylinux2014_aarch64.whl", hash = "sha256:829b813b8ee00d9c8aba417621b94bc0b5efd18c928923802ad5ba4cf1ec709c"},
    {file = "pycryptodome-3.19.0-cp27-cp27mu-musllinux_1_1_aarch64.whl", hash = "sha256:fc7a79590e2b5d08530175823a242de6790abc73638cc6dc9d2684e7be2f5e49"},
    {file = "pycryptodome-3.19.0-cp35-abi3-macosx_10_9_universal2.whl", hash = "sha256:542f99d5026ac5f0ef391ba0602f3d11beef8e65aae135fa5b762f5ebd9d3bfb"},
    {file = "pycryptodome-3.19.0-cp35-abi3-macosx_10_9_x86_64.whl", hash = "sha256:61bb3ccbf4bf32ad9af32da8badc24e888ae5231c617947e0f5401077f8b091f"},
    {file = "pycryptodome-3.19.0-cp35-abi3-manylinux_2_17_aarch64.manylinux2014_aarch64.whl", hash = "sha256:d49a6c715d8cceffedabb6adb7e0cbf41ae1a2ff4adaeec9432074a80627dea1"},
    {file = "pycryptodome-3.19.0-cp35-abi3-manylinux_2_17_x86_64.manylinux2014_x86_64.whl", hash = "sha256:e249a784cc98a29c77cea9df54284a44b40cafbfae57636dd2f8775b48af2434"},
    {file = "pycryptodome-3.19.0-cp35-abi3-manylinux_2_5_i686.manylinux1_i686.manylinux_2_17_i686.manylinux2014_i686.whl", hash = "sha256:d033947e7fd3e2ba9a031cb2d267251620964705a013c5a461fa5233cc025270"},
    {file = "pycryptodome-3.19.0-cp35-abi3-musllinux_1_1_aarch64.whl", hash = "sha256:84c3e4fffad0c4988aef0d5591be3cad4e10aa7db264c65fadbc633318d20bde"},
    {file = "pycryptodome-3.19.0-cp35-abi3-musllinux_1_1_i686.whl", hash = "sha256:139ae2c6161b9dd5d829c9645d781509a810ef50ea8b657e2257c25ca20efe33"},
    {file = "pycryptodome-3.19.0-cp35-abi3-musllinux_1_1_x86_64.whl", hash = "sha256:5b1986c761258a5b4332a7f94a83f631c1ffca8747d75ab8395bf2e1b93283d9"},
    {file = "pycryptodome-3.19.0-cp35-abi3-win32.whl", hash = "sha256:536f676963662603f1f2e6ab01080c54d8cd20f34ec333dcb195306fa7826997"},
    {file = "pycryptodome-3.19.0-cp35-abi3-win_amd64.whl", hash = "sha256:04dd31d3b33a6b22ac4d432b3274588917dcf850cc0c51c84eca1d8ed6933810"},
    {file = "pycryptodome-3.19.0-pp27-pypy_73-manylinux2010_x86_64.whl", hash = "sha256:8999316e57abcbd8085c91bc0ef75292c8618f41ca6d2b6132250a863a77d1e7"},
    {file = "pycryptodome-3.19.0-pp27-pypy_73-win32.whl", hash = "sha256:a0ab84755f4539db086db9ba9e9f3868d2e3610a3948cbd2a55e332ad83b01b0"},
    {file = "pycryptodome-3.19.0-pp310-pypy310_pp73-macosx_10_9_x86_64.whl", hash = "sha256:0101f647d11a1aae5a8ce4f5fad6644ae1b22bb65d05accc7d322943c69a74a6"},
    {file = "pycryptodome-3.19.0-pp310-pypy310_pp73-manylinux_2_17_x86_64.manylinux2014_x86_64.whl", hash = "sha256:8c1601e04d32087591d78e0b81e1e520e57a92796089864b20e5f18c9564b3fa"},
    {file = "pycryptodome-3.19.0-pp310-pypy310_pp73-manylinux_2_5_i686.manylinux1_i686.manylinux_2_17_i686.manylinux2014_i686.whl", hash = "sha256:506c686a1eee6c00df70010be3b8e9e78f406af4f21b23162bbb6e9bdf5427bc"},
    {file = "pycryptodome-3.19.0-pp310-pypy310_pp73-win_amd64.whl", hash = "sha256:7919ccd096584b911f2a303c593280869ce1af9bf5d36214511f5e5a1bed8c34"},
    {file = "pycryptodome-3.19.0-pp39-pypy39_pp73-macosx_10_9_x86_64.whl", hash = "sha256:560591c0777f74a5da86718f70dfc8d781734cf559773b64072bbdda44b3fc3e"},
    {file = "pycryptodome-3.19.0-pp39-pypy39_pp73-manylinux_2_17_x86_64.manylinux2014_x86_64.whl", hash = "sha256:c1cc2f2ae451a676def1a73c1ae9120cd31af25db3f381893d45f75e77be2400"},
    {file = "pycryptodome-3.19.0-pp39-pypy39_pp73-manylinux_2_5_i686.manylinux1_i686.manylinux_2_17_i686.manylinux2014_i686.whl", hash = "sha256:17940dcf274fcae4a54ec6117a9ecfe52907ed5e2e438fe712fe7ca502672ed5"},
    {file = "pycryptodome-3.19.0-pp39-pypy39_pp73-win_amd64.whl", hash = "sha256:d04f5f623a280fbd0ab1c1d8ecbd753193ab7154f09b6161b0f857a1a676c15f"},
    {file = "pycryptodome-3.19.0.tar.gz", hash = "sha256:bc35d463222cdb4dbebd35e0784155c81e161b9284e567e7e933d722e533331e"},
]

[[package]]
name = "pylint"
version = "3.0.3"
description = "python code static checker"
optional = false
python-versions = ">=3.8.0"
files = [
    {file = "pylint-3.0.3-py3-none-any.whl", hash = "sha256:7a1585285aefc5165db81083c3e06363a27448f6b467b3b0f30dbd0ac1f73810"},
    {file = "pylint-3.0.3.tar.gz", hash = "sha256:58c2398b0301e049609a8429789ec6edf3aabe9b6c5fec916acd18639c16de8b"},
]

[package.dependencies]
astroid = ">=3.0.1,<=3.1.0-dev0"
colorama = {version = ">=0.4.5", markers = "sys_platform == \"win32\""}
dill = {version = ">=0.3.7", markers = "python_version >= \"3.12\""}
isort = ">=4.2.5,<5.13.0 || >5.13.0,<6"
mccabe = ">=0.6,<0.8"
platformdirs = ">=2.2.0"
tomlkit = ">=0.10.1"

[package.extras]
spelling = ["pyenchant (>=3.2,<4.0)"]
testutils = ["gitpython (>3)"]

[[package]]
name = "pyperclip"
version = "1.8.2"
description = "A cross-platform clipboard module for Python. (Only handles plain text for now.)"
optional = false
python-versions = "*"
files = [
    {file = "pyperclip-1.8.2.tar.gz", hash = "sha256:105254a8b04934f0bc84e9c24eb360a591aaf6535c9def5f29d92af107a9bf57"},
]

[[package]]
name = "tomli"
version = "2.0.1"
description = "A lil' TOML parser"
optional = false
python-versions = ">=3.7"
files = [
    {file = "tomli-2.0.1-py3-none-any.whl", hash = "sha256:939de3e7a6161af0c887ef91b7d41a53e7c5a1ca976325f429cb46ea9bc30ecc"},
    {file = "tomli-2.0.1.tar.gz", hash = "sha256:de526c12914f0c550d15924c62d72abc48d6fe7364aa87328337a31007fe8a4f"},
]

[[package]]
name = "tomlkit"
version = "0.12.3"
description = "Style preserving TOML library"
optional = false
python-versions = ">=3.7"
files = [
    {file = "tomlkit-0.12.3-py3-none-any.whl", hash = "sha256:b0a645a9156dc7cb5d3a1f0d4bab66db287fcb8e0430bdd4664a095ea16414ba"},
    {file = "tomlkit-0.12.3.tar.gz", hash = "sha256:75baf5012d06501f07bee5bf8e801b9f343e7aac5a92581f20f80ce632e6b5a4"},
]

[[package]]
name = "yapf"
version = "0.40.2"
description = "A formatter for Python code"
optional = false
python-versions = ">=3.7"
files = [
    {file = "yapf-0.40.2-py3-none-any.whl", hash = "sha256:adc8b5dd02c0143108878c499284205adb258aad6db6634e5b869e7ee2bd548b"},
    {file = "yapf-0.40.2.tar.gz", hash = "sha256:4dab8a5ed7134e26d57c1647c7483afb3f136878b579062b786c9ba16b94637b"},
]

[package.dependencies]
importlib-metadata = ">=6.6.0"
platformdirs = ">=3.5.1"
tomli = ">=2.0.1"

[[package]]
name = "zipp"
version = "3.17.0"
description = "Backport of pathlib-compatible object wrapper for zip files"
optional = false
python-versions = ">=3.8"
files = [
    {file = "zipp-3.17.0-py3-none-any.whl", hash = "sha256:0e923e726174922dce09c53c59ad483ff7bbb8e572e00c7f7c46b88556409f31"},
    {file = "zipp-3.17.0.tar.gz", hash = "sha256:84e64a1c28cf7e91ed2078bb8cc8c259cb19b76942096c8d7b84947690cabaf0"},
]

[package.extras]
docs = ["furo", "jaraco.packaging (>=9.3)", "jaraco.tidelift (>=1.4)", "rst.linker (>=1.9)", "sphinx (<7.2.5)", "sphinx (>=3.5)", "sphinx-lint"]
testing = ["big-O", "jaraco.functools", "jaraco.itertools", "more-itertools", "pytest (>=6)", "pytest-black (>=0.3.7)", "pytest-checkdocs (>=2.4)", "pytest-cov", "pytest-enabler (>=2.2)", "pytest-ignore-flaky", "pytest-mypy (>=0.9.1)", "pytest-ruff"]

[metadata]
lock-version = "2.0"
python-versions = "^3.12"
content-hash = "114a2ab9553346a39e298b86b2a916c0a2fb059f4dce4e795e3a1c30e1001990"
